<?xml version="1.0" encoding="utf-8"?>
<Project ToolsVersion="4.0" xmlns="http://schemas.microsoft.com/developer/msbuild/2003">
  <ItemGroup>
    <Filter Include="Source Files">
      <UniqueIdentifier>{cf60e5f4-4175-4655-99bd-2c2470536b4a}</UniqueIdentifier>
      <Extensions>cpp;c;cxx;rc;def;r;odl;idl;hpj;bat</Extensions>
    </Filter>
    <Filter Include="Header Files">
      <UniqueIdentifier>{a787578a-3da1-4c36-b3e3-7d43d16c5b07}</UniqueIdentifier>
      <Extensions>h;hpp;hxx;hm;inl</Extensions>
    </Filter>
    <Filter Include="Resource Files">
      <UniqueIdentifier>{0a259f46-5bab-41e7-a799-b5d7eb2fbb03}</UniqueIdentifier>
      <Extensions>ico;cur;bmp;dlg;rc2;rct;bin;rgs;gif;jpg;jpeg;jpe</Extensions>
    </Filter>
  </ItemGroup>
  <ItemGroup>
    <ClCompile Include="MyCase1.cpp">
      <Filter>Source Files</Filter>
    </ClCompile>
    <ClCompile Include="MyCase2.cpp">
      <Filter>Source Files</Filter>
    </ClCompile>
    <ClCompile Include="StdAfx.cpp">
      <Filter>Source Files</Filter>
    </ClCompile>
    <ClCompile Include="StressCase.cpp">
      <Filter>Source Files</Filter>
    </ClCompile>
    <ClCompile Include="StressMan.cpp">
      <Filter>Source Files</Filter>
    </ClCompile>
    <ClCompile Include="StressMark.cpp">
      <Filter>Source Files</Filter>
    </ClCompile>
    <ClCompile Include="StressMarkDlg.cpp">
      <Filter>Source Files</Filter>
    </ClCompile>
    <ClCompile Include="TestSuite.cpp">
      <Filter>Source Files</Filter>
    </ClCompile>
  </ItemGroup>
  <ItemGroup>
    <ResourceCompile Include="StressMark.rc">
      <Filter>Source Files</Filter>
    </ResourceCompile>
  </ItemGroup>
  <ItemGroup>
    <ClInclude Include="MyCase1.h">
      <Filter>Header Files</Filter>
    </ClInclude>
    <ClInclude Include="MyCase2.h">
      <Filter>Header Files</Filter>
    </ClInclude>
    <ClInclude Include="Resource.h">
      <Filter>Header Files</Filter>
    </ClInclude>
    <ClInclude Include="StdAfx.h">
      <Filter>Header Files</Filter>
    </ClInclude>
    <ClInclude Include="StressCase.h">
      <Filter>Header Files</Filter>
    </ClInclude>
    <ClInclude Include="StressMan.h">
      <Filter>Header Files</Filter>
    </ClInclude>
    <ClInclude Include="StressMark.h">
      <Filter>Header Files</Filter>
    </ClInclude>
    <ClInclude Include="StressMarkDlg.h">
      <Filter>Header Files</Filter>
    </ClInclude>
  </ItemGroup>
  <ItemGroup>
    <Image Include="res\StressMark.ico">
      <Filter>Resource Files</Filter>
    </Image>
  </ItemGroup>
  <ItemGroup>
    <None Include="res\StressMark.rc2">
      <Filter>Resource Files</Filter>
    </None>
  </ItemGroup>
  <ItemGroup>
    <Text Include="ReadMe.txt" />
  </ItemGroup>
</Project>